// !$*UTF8*$!
{
	archiveVersion = 1;
	classes = {
	};
	objectVersion = 56;
	objects = {

/* Begin PBXBuildFile section */
		1912DEB12BB6E43A00777359 /* TableViewCell.swift in Sources */ = {isa = PBXBuildFile; fileRef = 1912DEB02BB6E43A00777359 /* TableViewCell.swift */; };
		1912DEB22BB6E5F500777359 /* TableViewCell.swift in Sources */ = {isa = PBXBuildFile; fileRef = 1912DEB02BB6E43A00777359 /* TableViewCell.swift */; };
		1912DEB42BB6FE6200777359 /* MemeListViewController.swift in Sources */ = {isa = PBXBuildFile; fileRef = 1912DEB32BB6FE6200777359 /* MemeListViewController.swift */; };
		1912DEB92BB701DD00777359 /* MemeListPresenter.swift in Sources */ = {isa = PBXBuildFile; fileRef = 1912DEB82BB701DD00777359 /* MemeListPresenter.swift */; };
		1912DEBA2BB701DD00777359 /* MemeListPresenter.swift in Sources */ = {isa = PBXBuildFile; fileRef = 1912DEB82BB701DD00777359 /* MemeListPresenter.swift */; };
		19144B432BB65EA7009F1309 /* CollectionViewController.swift in Sources */ = {isa = PBXBuildFile; fileRef = 19144B422BB65EA7009F1309 /* CollectionViewController.swift */; };
		19144B442BB65EA7009F1309 /* CollectionViewController.swift in Sources */ = {isa = PBXBuildFile; fileRef = 19144B422BB65EA7009F1309 /* CollectionViewController.swift */; };
		19144B462BB65F9B009F1309 /* TableViewController.swift in Sources */ = {isa = PBXBuildFile; fileRef = 19144B452BB65F9B009F1309 /* TableViewController.swift */; };
		19144B472BB65F9B009F1309 /* TableViewController.swift in Sources */ = {isa = PBXBuildFile; fileRef = 19144B452BB65F9B009F1309 /* TableViewController.swift */; };
		19144B492BB66601009F1309 /* CollectionViewCell.swift in Sources */ = {isa = PBXBuildFile; fileRef = 19144B482BB66601009F1309 /* CollectionViewCell.swift */; };
		19144B4A2BB66601009F1309 /* CollectionViewCell.swift in Sources */ = {isa = PBXBuildFile; fileRef = 19144B482BB66601009F1309 /* CollectionViewCell.swift */; };
		197D35D32AD4F77C004B0C3F /* AppDelegate.swift in Sources */ = {isa = PBXBuildFile; fileRef = 197D35D22AD4F77C004B0C3F /* AppDelegate.swift */; };
		197D35D52AD4F77C004B0C3F /* SceneDelegate.swift in Sources */ = {isa = PBXBuildFile; fileRef = 197D35D42AD4F77C004B0C3F /* SceneDelegate.swift */; };
		197D35D72AD4F77C004B0C3F /* MainViewController.swift in Sources */ = {isa = PBXBuildFile; fileRef = 197D35D62AD4F77C004B0C3F /* MainViewController.swift */; };
		197D35DA2AD4F77C004B0C3F /* Main.storyboard in Resources */ = {isa = PBXBuildFile; fileRef = 197D35D82AD4F77C004B0C3F /* Main.storyboard */; };
		197D35DC2AD4F77D004B0C3F /* Assets.xcassets in Resources */ = {isa = PBXBuildFile; fileRef = 197D35DB2AD4F77D004B0C3F /* Assets.xcassets */; };
		197D35DF2AD4F77D004B0C3F /* LaunchScreen.storyboard in Resources */ = {isa = PBXBuildFile; fileRef = 197D35DD2AD4F77D004B0C3F /* LaunchScreen.storyboard */; };
		197D35EA2AD4F77D004B0C3F /* MemeMeTests.swift in Sources */ = {isa = PBXBuildFile; fileRef = 197D35E92AD4F77D004B0C3F /* MemeMeTests.swift */; };
		197D35F42AD4F77D004B0C3F /* MemeMeUITests.swift in Sources */ = {isa = PBXBuildFile; fileRef = 197D35F32AD4F77D004B0C3F /* MemeMeUITests.swift */; };
		197D35F62AD4F77D004B0C3F /* MemeMeUITestsLaunchTests.swift in Sources */ = {isa = PBXBuildFile; fileRef = 197D35F52AD4F77D004B0C3F /* MemeMeUITestsLaunchTests.swift */; };
		19E9A3072BB4EAAB00EB75BD /* Main.storyboard in Resources */ = {isa = PBXBuildFile; fileRef = 197D35D82AD4F77C004B0C3F /* Main.storyboard */; };
		19E9A3082BB4EBB100EB75BD /* MainViewController.swift in Sources */ = {isa = PBXBuildFile; fileRef = 197D35D62AD4F77C004B0C3F /* MainViewController.swift */; };
/* End PBXBuildFile section */

/* Begin PBXContainerItemProxy section */
		197D35E62AD4F77D004B0C3F /* PBXContainerItemProxy */ = {
			isa = PBXContainerItemProxy;
			containerPortal = 197D35C72AD4F77C004B0C3F /* Project object */;
			proxyType = 1;
			remoteGlobalIDString = 197D35CE2AD4F77C004B0C3F;
			remoteInfo = MemeMe;
		};
		197D35F02AD4F77D004B0C3F /* PBXContainerItemProxy */ = {
			isa = PBXContainerItemProxy;
			containerPortal = 197D35C72AD4F77C004B0C3F /* Project object */;
			proxyType = 1;
			remoteGlobalIDString = 197D35CE2AD4F77C004B0C3F;
			remoteInfo = MemeMe;
		};
/* End PBXContainerItemProxy section */

/* Begin PBXFileReference section */
		1912DEB02BB6E43A00777359 /* TableViewCell.swift */ = {isa = PBXFileReference; lastKnownFileType = sourcecode.swift; path = TableViewCell.swift; sourceTree = "<group>"; };
		1912DEB32BB6FE6200777359 /* MemeListViewController.swift */ = {isa = PBXFileReference; lastKnownFileType = sourcecode.swift; path = MemeListViewController.swift; sourceTree = "<group>"; };
		1912DEB82BB701DD00777359 /* MemeListPresenter.swift */ = {isa = PBXFileReference; lastKnownFileType = sourcecode.swift; path = MemeListPresenter.swift; sourceTree = "<group>"; };
		19144B422BB65EA7009F1309 /* CollectionViewController.swift */ = {isa = PBXFileReference; lastKnownFileType = sourcecode.swift; path = CollectionViewController.swift; sourceTree = "<group>"; };
		19144B452BB65F9B009F1309 /* TableViewController.swift */ = {isa = PBXFileReference; lastKnownFileType = sourcecode.swift; path = TableViewController.swift; sourceTree = "<group>"; };
		19144B482BB66601009F1309 /* CollectionViewCell.swift */ = {isa = PBXFileReference; lastKnownFileType = sourcecode.swift; path = CollectionViewCell.swift; sourceTree = "<group>"; };
		197D35CF2AD4F77C004B0C3F /* MemeMe.app */ = {isa = PBXFileReference; explicitFileType = wrapper.application; includeInIndex = 0; path = MemeMe.app; sourceTree = BUILT_PRODUCTS_DIR; };
		197D35D22AD4F77C004B0C3F /* AppDelegate.swift */ = {isa = PBXFileReference; lastKnownFileType = sourcecode.swift; path = AppDelegate.swift; sourceTree = "<group>"; };
		197D35D42AD4F77C004B0C3F /* SceneDelegate.swift */ = {isa = PBXFileReference; lastKnownFileType = sourcecode.swift; path = SceneDelegate.swift; sourceTree = "<group>"; };
		197D35D62AD4F77C004B0C3F /* MainViewController.swift */ = {isa = PBXFileReference; lastKnownFileType = sourcecode.swift; path = MainViewController.swift; sourceTree = "<group>"; };
		197D35D92AD4F77C004B0C3F /* Base */ = {isa = PBXFileReference; lastKnownFileType = file.storyboard; name = Base; path = Base.lproj/Main.storyboard; sourceTree = "<group>"; };
		197D35DB2AD4F77D004B0C3F /* Assets.xcassets */ = {isa = PBXFileReference; lastKnownFileType = folder.assetcatalog; path = Assets.xcassets; sourceTree = "<group>"; };
		197D35DE2AD4F77D004B0C3F /* Base */ = {isa = PBXFileReference; lastKnownFileType = file.storyboard; name = Base; path = Base.lproj/LaunchScreen.storyboard; sourceTree = "<group>"; };
		197D35E02AD4F77D004B0C3F /* Info.plist */ = {isa = PBXFileReference; lastKnownFileType = text.plist.xml; path = Info.plist; sourceTree = "<group>"; };
		197D35E52AD4F77D004B0C3F /* MemeMeTests.xctest */ = {isa = PBXFileReference; explicitFileType = wrapper.cfbundle; includeInIndex = 0; path = MemeMeTests.xctest; sourceTree = BUILT_PRODUCTS_DIR; };
		197D35E92AD4F77D004B0C3F /* MemeMeTests.swift */ = {isa = PBXFileReference; lastKnownFileType = sourcecode.swift; path = MemeMeTests.swift; sourceTree = "<group>"; };
		197D35EF2AD4F77D004B0C3F /* MemeMeUITests.xctest */ = {isa = PBXFileReference; explicitFileType = wrapper.cfbundle; includeInIndex = 0; path = MemeMeUITests.xctest; sourceTree = BUILT_PRODUCTS_DIR; };
		197D35F32AD4F77D004B0C3F /* MemeMeUITests.swift */ = {isa = PBXFileReference; lastKnownFileType = sourcecode.swift; path = MemeMeUITests.swift; sourceTree = "<group>"; };
		197D35F52AD4F77D004B0C3F /* MemeMeUITestsLaunchTests.swift */ = {isa = PBXFileReference; lastKnownFileType = sourcecode.swift; path = MemeMeUITestsLaunchTests.swift; sourceTree = "<group>"; };
/* End PBXFileReference section */

/* Begin PBXFrameworksBuildPhase section */
		197D35CC2AD4F77C004B0C3F /* Frameworks */ = {
			isa = PBXFrameworksBuildPhase;
			buildActionMask = 2147483647;
			files = (
			);
			runOnlyForDeploymentPostprocessing = 0;
		};
		197D35E22AD4F77D004B0C3F /* Frameworks */ = {
			isa = PBXFrameworksBuildPhase;
			buildActionMask = 2147483647;
			files = (
			);
			runOnlyForDeploymentPostprocessing = 0;
		};
		197D35EC2AD4F77D004B0C3F /* Frameworks */ = {
			isa = PBXFrameworksBuildPhase;
			buildActionMask = 2147483647;
			files = (
			);
			runOnlyForDeploymentPostprocessing = 0;
		};
/* End PBXFrameworksBuildPhase section */

/* Begin PBXGroup section */
		197D35C62AD4F77C004B0C3F = {
			isa = PBXGroup;
			children = (
				197D35D12AD4F77C004B0C3F /* MemeMe */,
				197D35E82AD4F77D004B0C3F /* MemeMeTests */,
				197D35F22AD4F77D004B0C3F /* MemeMeUITests */,
				197D35D02AD4F77C004B0C3F /* Products */,
			);
			sourceTree = "<group>";
		};
		197D35D02AD4F77C004B0C3F /* Products */ = {
			isa = PBXGroup;
			children = (
				197D35CF2AD4F77C004B0C3F /* MemeMe.app */,
				197D35E52AD4F77D004B0C3F /* MemeMeTests.xctest */,
				197D35EF2AD4F77D004B0C3F /* MemeMeUITests.xctest */,
			);
			name = Products;
			sourceTree = "<group>";
		};
		197D35D12AD4F77C004B0C3F /* MemeMe */ = {
			isa = PBXGroup;
			children = (
				197D35D22AD4F77C004B0C3F /* AppDelegate.swift */,
				197D35D42AD4F77C004B0C3F /* SceneDelegate.swift */,
				197D35D62AD4F77C004B0C3F /* MainViewController.swift */,
				197D35D82AD4F77C004B0C3F /* Main.storyboard */,
				197D35DB2AD4F77D004B0C3F /* Assets.xcassets */,
				197D35DD2AD4F77D004B0C3F /* LaunchScreen.storyboard */,
				197D35E02AD4F77D004B0C3F /* Info.plist */,
				19144B422BB65EA7009F1309 /* CollectionViewController.swift */,
				19144B452BB65F9B009F1309 /* TableViewController.swift */,
				19144B482BB66601009F1309 /* CollectionViewCell.swift */,
				1912DEB02BB6E43A00777359 /* TableViewCell.swift */,
				1912DEB32BB6FE6200777359 /* MemeListViewController.swift */,
				1912DEB82BB701DD00777359 /* MemeListPresenter.swift */,
			);
			path = MemeMe;
			sourceTree = "<group>";
		};
		197D35E82AD4F77D004B0C3F /* MemeMeTests */ = {
			isa = PBXGroup;
			children = (
				197D35E92AD4F77D004B0C3F /* MemeMeTests.swift */,
			);
			path = MemeMeTests;
			sourceTree = "<group>";
		};
		197D35F22AD4F77D004B0C3F /* MemeMeUITests */ = {
			isa = PBXGroup;
			children = (
				197D35F32AD4F77D004B0C3F /* MemeMeUITests.swift */,
				197D35F52AD4F77D004B0C3F /* MemeMeUITestsLaunchTests.swift */,
			);
			path = MemeMeUITests;
			sourceTree = "<group>";
		};
/* End PBXGroup section */

/* Begin PBXNativeTarget section */
		197D35CE2AD4F77C004B0C3F /* MemeMe */ = {
			isa = PBXNativeTarget;
			buildConfigurationList = 197D35F92AD4F77D004B0C3F /* Build configuration list for PBXNativeTarget "MemeMe" */;
			buildPhases = (
				197D35CB2AD4F77C004B0C3F /* Sources */,
				197D35CC2AD4F77C004B0C3F /* Frameworks */,
				197D35CD2AD4F77C004B0C3F /* Resources */,
			);
			buildRules = (
			);
			dependencies = (
			);
			name = MemeMe;
			productName = MemeMe;
			productReference = 197D35CF2AD4F77C004B0C3F /* MemeMe.app */;
			productType = "com.apple.product-type.application";
		};
		197D35E42AD4F77D004B0C3F /* MemeMeTests */ = {
			isa = PBXNativeTarget;
			buildConfigurationList = 197D35FC2AD4F77D004B0C3F /* Build configuration list for PBXNativeTarget "MemeMeTests" */;
			buildPhases = (
				197D35E12AD4F77D004B0C3F /* Sources */,
				197D35E22AD4F77D004B0C3F /* Frameworks */,
				197D35E32AD4F77D004B0C3F /* Resources */,
			);
			buildRules = (
			);
			dependencies = (
				197D35E72AD4F77D004B0C3F /* PBXTargetDependency */,
			);
			name = MemeMeTests;
			productName = MemeMeTests;
			productReference = 197D35E52AD4F77D004B0C3F /* MemeMeTests.xctest */;
			productType = "com.apple.product-type.bundle.unit-test";
		};
		197D35EE2AD4F77D004B0C3F /* MemeMeUITests */ = {
			isa = PBXNativeTarget;
			buildConfigurationList = 197D35FF2AD4F77D004B0C3F /* Build configuration list for PBXNativeTarget "MemeMeUITests" */;
			buildPhases = (
				197D35EB2AD4F77D004B0C3F /* Sources */,
				197D35EC2AD4F77D004B0C3F /* Frameworks */,
				197D35ED2AD4F77D004B0C3F /* Resources */,
			);
			buildRules = (
			);
			dependencies = (
				197D35F12AD4F77D004B0C3F /* PBXTargetDependency */,
			);
			name = MemeMeUITests;
			productName = MemeMeUITests;
			productReference = 197D35EF2AD4F77D004B0C3F /* MemeMeUITests.xctest */;
			productType = "com.apple.product-type.bundle.ui-testing";
		};
/* End PBXNativeTarget section */

/* Begin PBXProject section */
		197D35C72AD4F77C004B0C3F /* Project object */ = {
			isa = PBXProject;
			attributes = {
				BuildIndependentTargetsInParallel = 1;
				LastSwiftUpdateCheck = 1500;
				LastUpgradeCheck = 1500;
				TargetAttributes = {
					197D35CE2AD4F77C004B0C3F = {
						CreatedOnToolsVersion = 15.0;
					};
					197D35E42AD4F77D004B0C3F = {
						CreatedOnToolsVersion = 15.0;
						TestTargetID = 197D35CE2AD4F77C004B0C3F;
					};
					197D35EE2AD4F77D004B0C3F = {
						CreatedOnToolsVersion = 15.0;
						TestTargetID = 197D35CE2AD4F77C004B0C3F;
					};
				};
			};
			buildConfigurationList = 197D35CA2AD4F77C004B0C3F /* Build configuration list for PBXProject "MemeMe" */;
			compatibilityVersion = "Xcode 14.0";
			developmentRegion = en;
			hasScannedForEncodings = 0;
			knownRegions = (
				en,
				Base,
			);
			mainGroup = 197D35C62AD4F77C004B0C3F;
			productRefGroup = 197D35D02AD4F77C004B0C3F /* Products */;
			projectDirPath = "";
			projectRoot = "";
			targets = (
				197D35CE2AD4F77C004B0C3F /* MemeMe */,
				197D35E42AD4F77D004B0C3F /* MemeMeTests */,
				197D35EE2AD4F77D004B0C3F /* MemeMeUITests */,
			);
		};
/* End PBXProject section */

/* Begin PBXResourcesBuildPhase section */
		197D35CD2AD4F77C004B0C3F /* Resources */ = {
			isa = PBXResourcesBuildPhase;
			buildActionMask = 2147483647;
			files = (
				197D35DF2AD4F77D004B0C3F /* LaunchScreen.storyboard in Resources */,
				197D35DC2AD4F77D004B0C3F /* Assets.xcassets in Resources */,
				197D35DA2AD4F77C004B0C3F /* Main.storyboard in Resources */,
			);
			runOnlyForDeploymentPostprocessing = 0;
		};
		197D35E32AD4F77D004B0C3F /* Resources */ = {
			isa = PBXResourcesBuildPhase;
			buildActionMask = 2147483647;
			files = (
				19E9A3072BB4EAAB00EB75BD /* Main.storyboard in Resources */,
			);
			runOnlyForDeploymentPostprocessing = 0;
		};
		197D35ED2AD4F77D004B0C3F /* Resources */ = {
			isa = PBXResourcesBuildPhase;
			buildActionMask = 2147483647;
			files = (
			);
			runOnlyForDeploymentPostprocessing = 0;
		};
/* End PBXResourcesBuildPhase section */

/* Begin PBXSourcesBuildPhase section */
		197D35CB2AD4F77C004B0C3F /* Sources */ = {
			isa = PBXSourcesBuildPhase;
			buildActionMask = 2147483647;
			files = (
				19144B432BB65EA7009F1309 /* CollectionViewController.swift in Sources */,
				197D35D72AD4F77C004B0C3F /* MainViewController.swift in Sources */,
				19144B492BB66601009F1309 /* CollectionViewCell.swift in Sources */,
				197D35D32AD4F77C004B0C3F /* AppDelegate.swift in Sources */,
				19144B462BB65F9B009F1309 /* TableViewController.swift in Sources */,
				1912DEB12BB6E43A00777359 /* TableViewCell.swift in Sources */,
				1912DEB92BB701DD00777359 /* MemeListPresenter.swift in Sources */,
				1912DEB42BB6FE6200777359 /* MemeListViewController.swift in Sources */,
				197D35D52AD4F77C004B0C3F /* SceneDelegate.swift in Sources */,
			);
			runOnlyForDeploymentPostprocessing = 0;
		};
		197D35E12AD4F77D004B0C3F /* Sources */ = {
			isa = PBXSourcesBuildPhase;
			buildActionMask = 2147483647;
			files = (
				19144B4A2BB66601009F1309 /* CollectionViewCell.swift in Sources */,
				19144B442BB65EA7009F1309 /* CollectionViewController.swift in Sources */,
				197D35EA2AD4F77D004B0C3F /* MemeMeTests.swift in Sources */,
				1912DEB22BB6E5F500777359 /* TableViewCell.swift in Sources */,
				1912DEBA2BB701DD00777359 /* MemeListPresenter.swift in Sources */,
				19E9A3082BB4EBB100EB75BD /* MainViewController.swift in Sources */,
				19144B472BB65F9B009F1309 /* TableViewController.swift in Sources */,
			);
			runOnlyForDeploymentPostprocessing = 0;
		};
		197D35EB2AD4F77D004B0C3F /* Sources */ = {
			isa = PBXSourcesBuildPhase;
			buildActionMask = 2147483647;
			files = (
				197D35F62AD4F77D004B0C3F /* MemeMeUITestsLaunchTests.swift in Sources */,
				197D35F42AD4F77D004B0C3F /* MemeMeUITests.swift in Sources */,
			);
			runOnlyForDeploymentPostprocessing = 0;
		};
/* End PBXSourcesBuildPhase section */

/* Begin PBXTargetDependency section */
		197D35E72AD4F77D004B0C3F /* PBXTargetDependency */ = {
			isa = PBXTargetDependency;
			target = 197D35CE2AD4F77C004B0C3F /* MemeMe */;
			targetProxy = 197D35E62AD4F77D004B0C3F /* PBXContainerItemProxy */;
		};
		197D35F12AD4F77D004B0C3F /* PBXTargetDependency */ = {
			isa = PBXTargetDependency;
			target = 197D35CE2AD4F77C004B0C3F /* MemeMe */;
			targetProxy = 197D35F02AD4F77D004B0C3F /* PBXContainerItemProxy */;
		};
/* End PBXTargetDependency section */

/* Begin PBXVariantGroup section */
		197D35D82AD4F77C004B0C3F /* Main.storyboard */ = {
			isa = PBXVariantGroup;
			children = (
				197D35D92AD4F77C004B0C3F /* Base */,
			);
			name = Main.storyboard;
			sourceTree = "<group>";
		};
		197D35DD2AD4F77D004B0C3F /* LaunchScreen.storyboard */ = {
			isa = PBXVariantGroup;
			children = (
				197D35DE2AD4F77D004B0C3F /* Base */,
			);
			name = LaunchScreen.storyboard;
			sourceTree = "<group>";
		};
/* End PBXVariantGroup section */

/* Begin XCBuildConfiguration section */
		197D35F72AD4F77D004B0C3F /* Debug */ = {
			isa = XCBuildConfiguration;
			buildSettings = {
				ALWAYS_SEARCH_USER_PATHS = NO;
				ASSETCATALOG_COMPILER_GENERATE_SWIFT_ASSET_SYMBOL_EXTENSIONS = YES;
				CLANG_ANALYZER_NONNULL = YES;
				CLANG_ANALYZER_NUMBER_OBJECT_CONVERSION = YES_AGGRESSIVE;
				CLANG_CXX_LANGUAGE_STANDARD = "gnu++20";
				CLANG_ENABLE_MODULES = YES;
				CLANG_ENABLE_OBJC_ARC = YES;
				CLANG_ENABLE_OBJC_WEAK = YES;
				CLANG_WARN_BLOCK_CAPTURE_AUTORELEASING = YES;
				CLANG_WARN_BOOL_CONVERSION = YES;
				CLANG_WARN_COMMA = YES;
				CLANG_WARN_CONSTANT_CONVERSION = YES;
				CLANG_WARN_DEPRECATED_OBJC_IMPLEMENTATIONS = YES;
				CLANG_WARN_DIRECT_OBJC_ISA_USAGE = YES_ERROR;
				CLANG_WARN_DOCUMENTATION_COMMENTS = YES;
				CLANG_WARN_EMPTY_BODY = YES;
				CLANG_WARN_ENUM_CONVERSION = YES;
				CLANG_WARN_INFINITE_RECURSION = YES;
				CLANG_WARN_INT_CONVERSION = YES;
				CLANG_WARN_NON_LITERAL_NULL_CONVERSION = YES;
				CLANG_WARN_OBJC_IMPLICIT_RETAIN_SELF = YES;
				CLANG_WARN_OBJC_LITERAL_CONVERSION = YES;
				CLANG_WARN_OBJC_ROOT_CLASS = YES_ERROR;
				CLANG_WARN_QUOTED_INCLUDE_IN_FRAMEWORK_HEADER = YES;
				CLANG_WARN_RANGE_LOOP_ANALYSIS = YES;
				CLANG_WARN_STRICT_PROTOTYPES = YES;
				CLANG_WARN_SUSPICIOUS_MOVE = YES;
				CLANG_WARN_UNGUARDED_AVAILABILITY = YES_AGGRESSIVE;
				CLANG_WARN_UNREACHABLE_CODE = YES;
				CLANG_WARN__DUPLICATE_METHOD_MATCH = YES;
				COPY_PHASE_STRIP = NO;
				DEBUG_INFORMATION_FORMAT = dwarf;
				ENABLE_STRICT_OBJC_MSGSEND = YES;
				ENABLE_TESTABILITY = YES;
				ENABLE_USER_SCRIPT_SANDBOXING = YES;
				GCC_C_LANGUAGE_STANDARD = gnu17;
				GCC_DYNAMIC_NO_PIC = NO;
				GCC_NO_COMMON_BLOCKS = YES;
				GCC_OPTIMIZATION_LEVEL = 0;
				GCC_PREPROCESSOR_DEFINITIONS = (
					"DEBUG=1",
					"$(inherited)",
				);
				GCC_WARN_64_TO_32_BIT_CONVERSION = YES;
				GCC_WARN_ABOUT_RETURN_TYPE = YES_ERROR;
				GCC_WARN_UNDECLARED_SELECTOR = YES;
				GCC_WARN_UNINITIALIZED_AUTOS = YES_AGGRESSIVE;
				GCC_WARN_UNUSED_FUNCTION = YES;
				GCC_WARN_UNUSED_VARIABLE = YES;
				IPHONEOS_DEPLOYMENT_TARGET = 17.0;
				LOCALIZATION_PREFERS_STRING_CATALOGS = YES;
				MTL_ENABLE_DEBUG_INFO = INCLUDE_SOURCE;
				MTL_FAST_MATH = YES;
				ONLY_ACTIVE_ARCH = YES;
				SDKROOT = iphoneos;
				SWIFT_ACTIVE_COMPILATION_CONDITIONS = "DEBUG $(inherited)";
				SWIFT_OPTIMIZATION_LEVEL = "-Onone";
			};
			name = Debug;
		};
		197D35F82AD4F77D004B0C3F /* Release */ = {
			isa = XCBuildConfiguration;
			buildSettings = {
				ALWAYS_SEARCH_USER_PATHS = NO;
				ASSETCATALOG_COMPILER_GENERATE_SWIFT_ASSET_SYMBOL_EXTENSIONS = YES;
				CLANG_ANALYZER_NONNULL = YES;
				CLANG_ANALYZER_NUMBER_OBJECT_CONVERSION = YES_AGGRESSIVE;
				CLANG_CXX_LANGUAGE_STANDARD = "gnu++20";
				CLANG_ENABLE_MODULES = YES;
				CLANG_ENABLE_OBJC_ARC = YES;
				CLANG_ENABLE_OBJC_WEAK = YES;
				CLANG_WARN_BLOCK_CAPTURE_AUTORELEASING = YES;
				CLANG_WARN_BOOL_CONVERSION = YES;
				CLANG_WARN_COMMA = YES;
				CLANG_WARN_CONSTANT_CONVERSION = YES;
				CLANG_WARN_DEPRECATED_OBJC_IMPLEMENTATIONS = YES;
				CLANG_WARN_DIRECT_OBJC_ISA_USAGE = YES_ERROR;
				CLANG_WARN_DOCUMENTATION_COMMENTS = YES;
				CLANG_WARN_EMPTY_BODY = YES;
				CLANG_WARN_ENUM_CONVERSION = YES;
				CLANG_WARN_INFINITE_RECURSION = YES;
				CLANG_WARN_INT_CONVERSION = YES;
				CLANG_WARN_NON_LITERAL_NULL_CONVERSION = YES;
				CLANG_WARN_OBJC_IMPLICIT_RETAIN_SELF = YES;
				CLANG_WARN_OBJC_LITERAL_CONVERSION = YES;
				CLANG_WARN_OBJC_ROOT_CLASS = YES_ERROR;
				CLANG_WARN_QUOTED_INCLUDE_IN_FRAMEWORK_HEADER = YES;
				CLANG_WARN_RANGE_LOOP_ANALYSIS = YES;
				CLANG_WARN_STRICT_PROTOTYPES = YES;
				CLANG_WARN_SUSPICIOUS_MOVE = YES;
				CLANG_WARN_UNGUARDED_AVAILABILITY = YES_AGGRESSIVE;
				CLANG_WARN_UNREACHABLE_CODE = YES;
				CLANG_WARN__DUPLICATE_METHOD_MATCH = YES;
				COPY_PHASE_STRIP = NO;
				DEBUG_INFORMATION_FORMAT = "dwarf-with-dsym";
				ENABLE_NS_ASSERTIONS = NO;
				ENABLE_STRICT_OBJC_MSGSEND = YES;
				ENABLE_USER_SCRIPT_SANDBOXING = YES;
				GCC_C_LANGUAGE_STANDARD = gnu17;
				GCC_NO_COMMON_BLOCKS = YES;
				GCC_WARN_64_TO_32_BIT_CONVERSION = YES;
				GCC_WARN_ABOUT_RETURN_TYPE = YES_ERROR;
				GCC_WARN_UNDECLARED_SELECTOR = YES;
				GCC_WARN_UNINITIALIZED_AUTOS = YES_AGGRESSIVE;
				GCC_WARN_UNUSED_FUNCTION = YES;
				GCC_WARN_UNUSED_VARIABLE = YES;
				IPHONEOS_DEPLOYMENT_TARGET = 17.0;
				LOCALIZATION_PREFERS_STRING_CATALOGS = YES;
				MTL_ENABLE_DEBUG_INFO = NO;
				MTL_FAST_MATH = YES;
				SDKROOT = iphoneos;
				SWIFT_COMPILATION_MODE = wholemodule;
				VALIDATE_PRODUCT = YES;
			};
			name = Release;
		};
		197D35FA2AD4F77D004B0C3F /* Debug */ = {
			isa = XCBuildConfiguration;
			buildSettings = {
				ASSETCATALOG_COMPILER_APPICON_NAME = AppIcon;
				ASSETCATALOG_COMPILER_GLOBAL_ACCENT_COLOR_NAME = AccentColor;
				CODE_SIGN_STYLE = Automatic;
				CURRENT_PROJECT_VERSION = 1;
				GENERATE_INFOPLIST_FILE = YES;
				INFOPLIST_FILE = MemeMe/Info.plist;
				INFOPLIST_KEY_UIApplicationSupportsIndirectInputEvents = YES;
				INFOPLIST_KEY_UILaunchStoryboardName = LaunchScreen;
				INFOPLIST_KEY_UIMainStoryboardFile = Main;
				INFOPLIST_KEY_UISupportedInterfaceOrientations_iPad = "UIInterfaceOrientationPortrait UIInterfaceOrientationPortraitUpsideDown UIInterfaceOrientationLandscapeLeft UIInterfaceOrientationLandscapeRight";
				INFOPLIST_KEY_UISupportedInterfaceOrientations_iPhone = "UIInterfaceOrientationPortrait UIInterfaceOrientationLandscapeLeft UIInterfaceOrientationLandscapeRight";
				LD_RUNPATH_SEARCH_PATHS = (
					"$(inherited)",
					"@executable_path/Frameworks",
				);
				MARKETING_VERSION = 1.0;
				PRODUCT_BUNDLE_IDENTIFIER = com.hungtruong.MemeMe;
				PRODUCT_NAME = "$(TARGET_NAME)";
				SWIFT_EMIT_LOC_STRINGS = YES;
				SWIFT_VERSION = 5.0;
				TARGETED_DEVICE_FAMILY = "1,2";
			};
			name = Debug;
		};
		197D35FB2AD4F77D004B0C3F /* Release */ = {
			isa = XCBuildConfiguration;
			buildSettings = {
				ASSETCATALOG_COMPILER_APPICON_NAME = AppIcon;
				ASSETCATALOG_COMPILER_GLOBAL_ACCENT_COLOR_NAME = AccentColor;
				CODE_SIGN_STYLE = Automatic;
				CURRENT_PROJECT_VERSION = 1;
				GENERATE_INFOPLIST_FILE = YES;
				INFOPLIST_FILE = MemeMe/Info.plist;
				INFOPLIST_KEY_UIApplicationSupportsIndirectInputEvents = YES;
				INFOPLIST_KEY_UILaunchStoryboardName = LaunchScreen;
				INFOPLIST_KEY_UIMainStoryboardFile = Main;
				INFOPLIST_KEY_UISupportedInterfaceOrientations_iPad = "UIInterfaceOrientationPortrait UIInterfaceOrientationPortraitUpsideDown UIInterfaceOrientationLandscapeLeft UIInterfaceOrientationLandscapeRight";
				INFOPLIST_KEY_UISupportedInterfaceOrientations_iPhone = "UIInterfaceOrientationPortrait UIInterfaceOrientationLandscapeLeft UIInterfaceOrientationLandscapeRight";
				LD_RUNPATH_SEARCH_PATHS = (
					"$(inherited)",
					"@executable_path/Frameworks",
				);
				MARKETING_VERSION = 1.0;
				PRODUCT_BUNDLE_IDENTIFIER = com.hungtruong.MemeMe;
				PRODUCT_NAME = "$(TARGET_NAME)";
				SWIFT_EMIT_LOC_STRINGS = YES;
				SWIFT_VERSION = 5.0;
				TARGETED_DEVICE_FAMILY = "1,2";
			};
			name = Release;
		};
		197D35FD2AD4F77D004B0C3F /* Debug */ = {
			isa = XCBuildConfiguration;
			buildSettings = {
				ALWAYS_EMBED_SWIFT_STANDARD_LIBRARIES = YES;
				BUNDLE_LOADER = "$(TEST_HOST)";
				CODE_SIGN_STYLE = Automatic;
				CURRENT_PROJECT_VERSION = 1;
				GENERATE_INFOPLIST_FILE = YES;
				IPHONEOS_DEPLOYMENT_TARGET = 17.0;
				MARKETING_VERSION = 1.0;
				PRODUCT_BUNDLE_IDENTIFIER = com.hungtruong.MemeMeTests;
				PRODUCT_NAME = "$(TARGET_NAME)";
				SWIFT_EMIT_LOC_STRINGS = NO;
				SWIFT_VERSION = 5.0;
				TARGETED_DEVICE_FAMILY = "1,2";
				TEST_HOST = "$(BUILT_PRODUCTS_DIR)/MemeMe.app/$(BUNDLE_EXECUTABLE_FOLDER_PATH)/MemeMe";
			};
			name = Debug;
		};
		197D35FE2AD4F77D004B0C3F /* Release */ = {
			isa = XCBuildConfiguration;
			buildSettings = {
				ALWAYS_EMBED_SWIFT_STANDARD_LIBRARIES = YES;
				BUNDLE_LOADER = "$(TEST_HOST)";
				CODE_SIGN_STYLE = Automatic;
				CURRENT_PROJECT_VERSION = 1;
				GENERATE_INFOPLIST_FILE = YES;
				IPHONEOS_DEPLOYMENT_TARGET = 17.0;
				MARKETING_VERSION = 1.0;
				PRODUCT_BUNDLE_IDENTIFIER = com.hungtruong.MemeMeTests;
				PRODUCT_NAME = "$(TARGET_NAME)";
				SWIFT_EMIT_LOC_STRINGS = NO;
				SWIFT_VERSION = 5.0;
				TARGETED_DEVICE_FAMILY = "1,2";
				TEST_HOST = "$(BUILT_PRODUCTS_DIR)/MemeMe.app/$(BUNDLE_EXECUTABLE_FOLDER_PATH)/MemeMe";
			};
			name = Release;
		};
		197D36002AD4F77D004B0C3F /* Debug */ = {
			isa = XCBuildConfiguration;
			buildSettings = {
				ALWAYS_EMBED_SWIFT_STANDARD_LIBRARIES = YES;
				CODE_SIGN_STYLE = Automatic;
				CURRENT_PROJECT_VERSION = 1;
				GENERATE_INFOPLIST_FILE = YES;
				MARKETING_VERSION = 1.0;
				PRODUCT_BUNDLE_IDENTIFIER = com.hungtruong.MemeMeUITests;
				PRODUCT_NAME = "$(TARGET_NAME)";
				SWIFT_EMIT_LOC_STRINGS = NO;
				SWIFT_VERSION = 5.0;
				TARGETED_DEVICE_FAMILY = "1,2";
				TEST_TARGET_NAME = MemeMe;
			};
			name = Debug;
		};
		197D36012AD4F77D004B0C3F /* Release */ = {
			isa = XCBuildConfiguration;
			buildSettings = {
				ALWAYS_EMBED_SWIFT_STANDARD_LIBRARIES = YES;
				CODE_SIGN_STYLE = Automatic;
				CURRENT_PROJECT_VERSION = 1;
				GENERATE_INFOPLIST_FILE = YES;
				MARKETING_VERSION = 1.0;
				PRODUCT_BUNDLE_IDENTIFIER = com.hungtruong.MemeMeUITests;
				PRODUCT_NAME = "$(TARGET_NAME)";
				SWIFT_EMIT_LOC_STRINGS = NO;
				SWIFT_VERSION = 5.0;
				TARGETED_DEVICE_FAMILY = "1,2";
				TEST_TARGET_NAME = MemeMe;
			};
			name = Release;
		};
/* End XCBuildConfiguration section */

/* Begin XCConfigurationList section */
		197D35CA2AD4F77C004B0C3F /* Build configuration list for PBXProject "MemeMe" */ = {
			isa = XCConfigurationList;
			buildConfigurations = (
				197D35F72AD4F77D004B0C3F /* Debug */,
				197D35F82AD4F77D004B0C3F /* Release */,
			);
			defaultConfigurationIsVisible = 0;
			defaultConfigurationName = Release;
		};
		197D35F92AD4F77D004B0C3F /* Build configuration list for PBXNativeTarget "MemeMe" */ = {
			isa = XCConfigurationList;
			buildConfigurations = (
				197D35FA2AD4F77D004B0C3F /* Debug */,
				197D35FB2AD4F77D004B0C3F /* Release */,
			);
			defaultConfigurationIsVisible = 0;
			defaultConfigurationName = Release;
		};
		197D35FC2AD4F77D004B0C3F /* Build configuration list for PBXNativeTarget "MemeMeTests" */ = {
			isa = XCConfigurationList;
			buildConfigurations = (
				197D35FD2AD4F77D004B0C3F /* Debug */,
				197D35FE2AD4F77D004B0C3F /* Release */,
			);
			defaultConfigurationIsVisible = 0;
			defaultConfigurationName = Release;
		};
		197D35FF2AD4F77D004B0C3F /* Build configuration list for PBXNativeTarget "MemeMeUITests" */ = {
			isa = XCConfigurationList;
			buildConfigurations = (
				197D36002AD4F77D004B0C3F /* Debug */,
				197D36012AD4F77D004B0C3F /* Release */,
			);
			defaultConfigurationIsVisible = 0;
			defaultConfigurationName = Release;
		};
/* End XCConfigurationList section */
	};
	rootObject = 197D35C72AD4F77C004B0C3F /* Project object */;
}
